
Microsoft Visual Studio Solution File, Format Version 12.00
Project("{FAE04EC0-301F-11D3-BF4B-00C04F79EFBC}") = "ImgCodecs", "ImgCodecs\ImgCodecs.csproj", "{D2B18821-D208-4126-8450-0CB49CECB643}"
EndProject
Project("{FAE04EC0-301F-11D3-BF4B-00C04F79EFBC}") = "ImageCodecs.Tests", "ImageCodecs.Tests\ImageCodecs.Tests.csproj", "{2B4B3828-E74F-4630-865C-2683E8A57DC4}"
EndProject
Global
	GlobalSection(SolutionConfigurationPlatforms) = preSolution
		Debug|Any CPU = Debug|Any CPU
		Release|Any CPU = Release|Any CPU
	EndGlobalSection
	GlobalSection(ProjectConfigurationPlatforms) = postSolution
		{D2B18821-D208-4126-8450-0CB49CECB643}.Debug|Any CPU.ActiveCfg = Debug|Any CPU
		{D2B18821-D208-4126-8450-0CB49CECB643}.Debug|Any CPU.Build.0 = Debug|Any CPU
		{D2B18821-D208-4126-8450-0CB49CECB643}.Release|Any CPU.ActiveCfg = Release|Any CPU
		{D2B18821-D208-4126-8450-0CB49CECB643}.Release|Any CPU.Build.0 = Release|Any CPU
		{2B4B3828-E74F-4630-865C-2683E8A57DC4}.Debug|Any CPU.ActiveCfg = Debug|Any CPU
		{2B4B3828-E74F-4630-865C-2683E8A57DC4}.Debug|Any CPU.Build.0 = Debug|Any CPU
		{2B4B3828-E74F-4630-865C-2683E8A57DC4}.Release|Any CPU.ActiveCfg = Release|Any CPU
		{2B4B3828-E74F-4630-865C-2683E8A57DC4}.Release|Any CPU.Build.0 = Release|Any CPU
	EndGlobalSection
EndGlobal
